
Microsoft Visual Studio Solution File, Format Version 12.00
# Visual Studio Version 17
VisualStudioVersion = 17.0.31919.166
MinimumVisualStudioVersion = 10.0.40219.1
Project("{FAE04EC0-301F-11D3-BF4B-00C04F79EFBC}") = "exchange_office", "exchange_office\exchange_office.csproj", "{66EC245E-6D9B-44CF-BBCB-353F86D71443}"
EndProject
Global
	GlobalSection(SolutionConfigurationPlatforms) = preSolution
		Debug|Any CPU = Debug|Any CPU
		Release|Any CPU = Release|Any CPU
	EndGlobalSection
	GlobalSection(ProjectConfigurationPlatforms) = postSolution
		{66EC245E-6D9B-44CF-BBCB-353F86D71443}.Debug|Any CPU.ActiveCfg = Debug|Any CPU
		{66EC245E-6D9B-44CF-BBCB-353F86D71443}.Debug|Any CPU.Build.0 = Debug|Any CPU
		{66EC245E-6D9B-44CF-BBCB-353F86D71443}.Release|Any CPU.ActiveCfg = Release|Any CPU
		{66EC245E-6D9B-44CF-BBCB-353F86D71443}.Release|Any CPU.Build.0 = Release|Any CPU
	EndGlobalSection
	GlobalSection(SolutionProperties) = preSolution
		HideSolutionNode = FALSE
	EndGlobalSection
	GlobalSection(ExtensibilityGlobals) = postSolution
		SolutionGuid = {E4080DBB-A4CF-4CFF-B56C-681EE15FBF7C}
	EndGlobalSection
EndGlobal
